<?xml version="1.0" encoding="utf-8"?>
<Project ToolsVersion="4.0" xmlns="http://schemas.microsoft.com/developer/msbuild/2003">
  <ItemGroup>
    <Filter Include="Source Files">
      <UniqueIdentifier>{4FC737F1-C7A5-4376-A066-2A32D752A2FF}</UniqueIdentifier>
      <Extensions>cpp;c;cc;cxx;def;odl;idl;hpj;bat;asm;asmx</Extensions>
    </Filter>
    <Filter Include="Header Files">
      <UniqueIdentifier>{93995380-89BD-4b04-88EB-625FBE52EBFB}</UniqueIdentifier>
      <Extensions>h;hh;hpp;hxx;hm;inl;inc;xsd</Extensions>
    </Filter>
    <Filter Include="Resource Files">
      <UniqueIdentifier>{67DA6AB6-F800-4c08-8B7A-83BB121AAD01}</UniqueIdentifier>
      <Extensions>rc;ico;cur;bmp;dlg;rc2;rct;bin;rgs;gif;jpg;jpeg;jpe;resx;tiff;tif;png;wav;mfcribbon-ms</Extensions>
    </Filter>
    <Filter Include="Header Files\View">
      <UniqueIdentifier>{2cf254bf-7161-469e-a36f-54c3d672592d}</UniqueIdentifier>
    </Filter>
    <Filter Include="Source Files\View">
      <UniqueIdentifier>{d151c48f-ea5a-4bc6-8072-eb0cb0d46d17}</UniqueIdentifier>
    </Filter>
    <Filter Include="Header Files\Controller">
      <UniqueIdentifier>{90172483-4c8d-483f-84c7-ea998281d299}</UniqueIdentifier>
    </Filter>
    <Filter Include="Header Files\Model">
      <UniqueIdentifier>{6c8a8ff4-7221-4322-a4d5-f2bef463fc87}</UniqueIdentifier>
    </Filter>
    <Filter Include="Source Files\Controller">
      <UniqueIdentifier>{201e78c5-07ab-4743-960b-ac39fb65dbb2}</UniqueIdentifier>
    </Filter>
    <Filter Include="Source Files\Model">
      <UniqueIdentifier>{bb96a0e9-90ca-4418-bbc6-a3529a7ec074}</UniqueIdentifier>
    </Filter>
    <Filter Include="Source Files\Patterns">
      <UniqueIdentifier>{e6b393c1-568b-48df-a50d-6282221d9bee}</UniqueIdentifier>
    </Filter>
    <Filter Include="Source Files\Patterns\Observer Pattern">
      <UniqueIdentifier>{8826e267-dd4d-49be-a98c-daa54ec32734}</UniqueIdentifier>
    </Filter>
    <Filter Include="Header Files\Patterns">
      <UniqueIdentifier>{81420ff5-76b2-48e7-a53e-7cb15f0cd414}</UniqueIdentifier>
    </Filter>
    <Filter Include="Header Files\Patterns\Observer Pattern">
      <UniqueIdentifier>{522ae191-1b44-41b9-b90c-fd94c0c7c72a}</UniqueIdentifier>
    </Filter>
    <Filter Include="Header Files\Patterns\Strategy Pattern">
      <UniqueIdentifier>{1ada1871-1985-408a-ba01-2382fb128ca8}</UniqueIdentifier>
    </Filter>
    <Filter Include="Source Files\Patterns\Strategy Pattern">
      <UniqueIdentifier>{6d2b4271-583b-4ca1-8856-f04c63788d2e}</UniqueIdentifier>
    </Filter>
  </ItemGroup>
  <ItemGroup>
    <ClInclude Include="CommonLibrary.h">
      <Filter>Header Files</Filter>
    </ClInclude>
    <ClInclude Include="PlayerView.h">
      <Filter>Header Files\View</Filter>
    </ClInclude>
    <ClInclude Include="MapView.h">
      <Filter>Header Files\View</Filter>
    </ClInclude>
    <ClInclude Include="GameController.h">
      <Filter>Header Files\Controller</Filter>
    </ClInclude>
    <ClInclude Include="Player.h">
      <Filter>Header Files\Model</Filter>
    </ClInclude>
    <ClInclude Include="Markers.h">
      <Filter>Header Files\Model</Filter>
    </ClInclude>
    <ClInclude Include="Map.h">
      <Filter>Header Files\Model</Filter>
    </ClInclude>
    <ClInclude Include="Cards.h">
      <Filter>Header Files\Model</Filter>
    </ClInclude>
    <ClInclude Include="Observer.h">
      <Filter>Header Files\Patterns\Observer Pattern</Filter>
    </ClInclude>
    <ClInclude Include="Subject.h">
      <Filter>Header Files\Patterns\Observer Pattern</Filter>
    </ClInclude>
    <ClInclude Include="Strategy.h">
      <Filter>Header Files\Patterns\Strategy Pattern</Filter>
    </ClInclude>
    <ClInclude Include="ActionContext.h">
      <Filter>Header Files\Patterns\Strategy Pattern</Filter>
    </ClInclude>
    <ClInclude Include="MedicObserver.h">
      <Filter>Header Files\Controller</Filter>
    </ClInclude>
    <ClInclude Include="CardFactory.h">
      <Filter>Header Files\Patterns</Filter>
    </ClInclude>
    <ClInclude Include="InfectCities.h">
      <Filter>Header Files\Controller</Filter>
    </ClInclude>
    <ClInclude Include="InputOutput.h">
      <Filter>Header Files\Controller</Filter>
    </ClInclude>
    <ClInclude Include="Command.h">
      <Filter>Header Files\Patterns</Filter>
    </ClInclude>
  </ItemGroup>
  <ItemGroup>
    <ClCompile Include="CommonLibrary.cpp">
      <Filter>Source Files</Filter>
    </ClCompile>
    <ClCompile Include="Driver.cpp">
      <Filter>Source Files</Filter>
    </ClCompile>
    <ClCompile Include="PlayerView.cpp">
      <Filter>Source Files\View</Filter>
    </ClCompile>
    <ClCompile Include="MapView.cpp">
      <Filter>Source Files\View</Filter>
    </ClCompile>
    <ClCompile Include="Cards.cpp">
      <Filter>Source Files\Model</Filter>
    </ClCompile>
    <ClCompile Include="Map.cpp">
      <Filter>Source Files\Model</Filter>
    </ClCompile>
    <ClCompile Include="Markers.cpp">
      <Filter>Source Files\Model</Filter>
    </ClCompile>
    <ClCompile Include="Player.cpp">
      <Filter>Source Files\Model</Filter>
    </ClCompile>
    <ClCompile Include="GameController.cpp">
      <Filter>Source Files\Controller</Filter>
    </ClCompile>
    <ClCompile Include="Observer.cpp">
      <Filter>Source Files\Patterns\Observer Pattern</Filter>
    </ClCompile>
    <ClCompile Include="Subject.cpp">
      <Filter>Source Files\Patterns\Observer Pattern</Filter>
    </ClCompile>
    <ClCompile Include="Strategy.cpp">
      <Filter>Source Files\Patterns\Strategy Pattern</Filter>
    </ClCompile>
    <ClCompile Include="ActionContext.cpp">
      <Filter>Source Files\Patterns\Strategy Pattern</Filter>
    </ClCompile>
    <ClCompile Include="MedicObserver.cpp">
      <Filter>Source Files\Controller</Filter>
    </ClCompile>
    <ClCompile Include="CardFactory.cpp">
      <Filter>Source Files\Patterns</Filter>
    </ClCompile>
    <ClCompile Include="InfectCities.cpp">
      <Filter>Source Files\Controller</Filter>
    </ClCompile>
    <ClCompile Include="InputOutput.cpp">
      <Filter>Source Files\Controller</Filter>
    </ClCompile>
    <ClCompile Include="Command.cpp">
      <Filter>Source Files\Patterns</Filter>
    </ClCompile>
  </ItemGroup>
</Project>